version = 1
revision = 3
requires-python = "==3.12.*"

[[package]]
name = "ordivon-harness"
version = "0.6.0"
source = { editable = "." }
dependencies = [
    { name = "ordivon-protocol" },
]

[package.metadata]
requires-dist = [{ name = "ordivon-protocol", git = "https://github.com/zycxfyh/ordivon-computing.git?subdirectory=packages%2Fordivon-protocol&rev=420dc356cb664d75db0f34f356156baebe5843db" }]

[[package]]
name = "ordivon-protocol"
version = "0.3.0"
source = { git = "https://github.com/zycxfyh/ordivon-computing.git?subdirectory=packages%2Fordivon-protocol&rev=420dc356cb664d75db0f34f356156baebe5843db#420dc356cb664d75db0f34f356156baebe5843db" }
